// !$*UTF8*$!
{
	archiveVersion = 1;
	classes = {
	};
	objectVersion = 60;
	objects = {

/* Begin PBXBuildFile section */
		222132DA2B9E83AA00A887D7 /* DungeonsAndDragonsMonstersApp.swift in Sources */ = {isa = PBXBuildFile; fileRef = 222132D92B9E83AA00A887D7 /* DungeonsAndDragonsMonstersApp.swift */; };
		222132DE2B9E83AB00A887D7 /* Assets.xcassets in Resources */ = {isa = PBXBuildFile; fileRef = 222132DD2B9E83AB00A887D7 /* Assets.xcassets */; };
		222132E12B9E83AB00A887D7 /* Preview Assets.xcassets in Resources */ = {isa = PBXBuildFile; fileRef = 222132E02B9E83AB00A887D7 /* Preview Assets.xcassets */; };
		222132F52B9E83AB00A887D7 /* DungeonsAndDragonsMonstersUITests.swift in Sources */ = {isa = PBXBuildFile; fileRef = 222132F42B9E83AB00A887D7 /* DungeonsAndDragonsMonstersUITests.swift */; };
		222132F72B9E83AB00A887D7 /* DungeonsAndDragonsMonstersUITestsLaunchTests.swift in Sources */ = {isa = PBXBuildFile; fileRef = 222132F62B9E83AB00A887D7 /* DungeonsAndDragonsMonstersUITestsLaunchTests.swift */; };
		222133052B9E850100A887D7 /* Apollo in Frameworks */ = {isa = PBXBuildFile; productRef = 222133042B9E850100A887D7 /* Apollo */; };
		2221330C2B9E8E1F00A887D7 /* DnD5eAPI in Frameworks */ = {isa = PBXBuildFile; productRef = 2221330B2B9E8E1F00A887D7 /* DnD5eAPI */; };
		222133142B9F36DB00A887D7 /* Monster.graphql in Resources */ = {isa = PBXBuildFile; fileRef = 222133122B9F36DB00A887D7 /* Monster.graphql */; };
		222133152B9F36DB00A887D7 /* schema.graphqls in Resources */ = {isa = PBXBuildFile; fileRef = 222133132B9F36DB00A887D7 /* schema.graphqls */; };
		222133172B9F3CD300A887D7 /* MonstersListView.swift in Sources */ = {isa = PBXBuildFile; fileRef = 222133162B9F3CD300A887D7 /* MonstersListView.swift */; };
		222133192B9F3D6800A887D7 /* MonstersListViewModel.swift in Sources */ = {isa = PBXBuildFile; fileRef = 222133182B9F3D6800A887D7 /* MonstersListViewModel.swift */; };
		2221331C2B9F42DE00A887D7 /* ApolloTestSupport in Frameworks */ = {isa = PBXBuildFile; productRef = 2221331B2B9F42DE00A887D7 /* ApolloTestSupport */; };
		2221331E2B9F42DE00A887D7 /* DungeonsAndDragonsMonstersTestMocks in Frameworks */ = {isa = PBXBuildFile; productRef = 2221331D2B9F42DE00A887D7 /* DungeonsAndDragonsMonstersTestMocks */; };
		222133202B9F44C000A887D7 /* ApolloClientProviding.swift in Sources */ = {isa = PBXBuildFile; fileRef = 2221331F2B9F44C000A887D7 /* ApolloClientProviding.swift */; };
		222133222B9F45D000A887D7 /* MonstersListViewModelTests.swift in Sources */ = {isa = PBXBuildFile; fileRef = 222133212B9F45D000A887D7 /* MonstersListViewModelTests.swift */; };
		222133242B9F49E600A887D7 /* ApolloClient+Mock.swift in Sources */ = {isa = PBXBuildFile; fileRef = 222133232B9F49E600A887D7 /* ApolloClient+Mock.swift */; };
		222133262B9F5D1100A887D7 /* MonsterDetailView.swift in Sources */ = {isa = PBXBuildFile; fileRef = 222133252B9F5D1100A887D7 /* MonsterDetailView.swift */; };
		222133282B9F5E8C00A887D7 /* ApolloUtilities.swift in Sources */ = {isa = PBXBuildFile; fileRef = 222133272B9F5E8C00A887D7 /* ApolloUtilities.swift */; };
		2221332A2B9F669300A887D7 /* Monster+Abilities.swift in Sources */ = {isa = PBXBuildFile; fileRef = 222133292B9F669300A887D7 /* Monster+Abilities.swift */; };
		2221332C2B9F66F000A887D7 /* AbilityScore.swift in Sources */ = {isa = PBXBuildFile; fileRef = 2221332B2B9F66F000A887D7 /* AbilityScore.swift */; };
		2221332E2B9F679300A887D7 /* AbilityScoreTests.swift in Sources */ = {isa = PBXBuildFile; fileRef = 2221332D2B9F679300A887D7 /* AbilityScoreTests.swift */; };
		222133342B9F6A9000A887D7 /* AbilityView.swift in Sources */ = {isa = PBXBuildFile; fileRef = 222133332B9F6A9000A887D7 /* AbilityView.swift */; };
		222133362BA0847300A887D7 /* Localizable.xcstrings in Resources */ = {isa = PBXBuildFile; fileRef = 222133352BA0847300A887D7 /* Localizable.xcstrings */; };
/* End PBXBuildFile section */

/* Begin PBXContainerItemProxy section */
		222132E72B9E83AB00A887D7 /* PBXContainerItemProxy */ = {
			isa = PBXContainerItemProxy;
			containerPortal = 222132CE2B9E83AA00A887D7 /* Project object */;
			proxyType = 1;
			remoteGlobalIDString = 222132D52B9E83AA00A887D7;
			remoteInfo = DungeonsAndDragonsMonsters;
		};
		222132F12B9E83AB00A887D7 /* PBXContainerItemProxy */ = {
			isa = PBXContainerItemProxy;
			containerPortal = 222132CE2B9E83AA00A887D7 /* Project object */;
			proxyType = 1;
			remoteGlobalIDString = 222132D52B9E83AA00A887D7;
			remoteInfo = DungeonsAndDragonsMonsters;
		};
/* End PBXContainerItemProxy section */

/* Begin PBXFileReference section */
		222132D62B9E83AA00A887D7 /* DungeonsAndDragonsMonsters.app */ = {isa = PBXFileReference; explicitFileType = wrapper.application; includeInIndex = 0; path = DungeonsAndDragonsMonsters.app; sourceTree = BUILT_PRODUCTS_DIR; };
		222132D92B9E83AA00A887D7 /* DungeonsAndDragonsMonstersApp.swift */ = {isa = PBXFileReference; lastKnownFileType = sourcecode.swift; path = DungeonsAndDragonsMonstersApp.swift; sourceTree = "<group>"; };
		222132DD2B9E83AB00A887D7 /* Assets.xcassets */ = {isa = PBXFileReference; lastKnownFileType = folder.assetcatalog; path = Assets.xcassets; sourceTree = "<group>"; };
		222132E02B9E83AB00A887D7 /* Preview Assets.xcassets */ = {isa = PBXFileReference; lastKnownFileType = folder.assetcatalog; path = "Preview Assets.xcassets"; sourceTree = "<group>"; };
		222132E62B9E83AB00A887D7 /* DungeonsAndDragonsMonstersTests.xctest */ = {isa = PBXFileReference; explicitFileType = wrapper.cfbundle; includeInIndex = 0; path = DungeonsAndDragonsMonstersTests.xctest; sourceTree = BUILT_PRODUCTS_DIR; };
		222132F02B9E83AB00A887D7 /* DungeonsAndDragonsMonstersUITests.xctest */ = {isa = PBXFileReference; explicitFileType = wrapper.cfbundle; includeInIndex = 0; path = DungeonsAndDragonsMonstersUITests.xctest; sourceTree = BUILT_PRODUCTS_DIR; };
		222132F42B9E83AB00A887D7 /* DungeonsAndDragonsMonstersUITests.swift */ = {isa = PBXFileReference; lastKnownFileType = sourcecode.swift; path = DungeonsAndDragonsMonstersUITests.swift; sourceTree = "<group>"; };
		222132F62B9E83AB00A887D7 /* DungeonsAndDragonsMonstersUITestsLaunchTests.swift */ = {isa = PBXFileReference; lastKnownFileType = sourcecode.swift; path = DungeonsAndDragonsMonstersUITestsLaunchTests.swift; sourceTree = "<group>"; };
		222133122B9F36DB00A887D7 /* Monster.graphql */ = {isa = PBXFileReference; fileEncoding = 4; lastKnownFileType = text; path = Monster.graphql; sourceTree = "<group>"; };
		222133132B9F36DB00A887D7 /* schema.graphqls */ = {isa = PBXFileReference; fileEncoding = 4; lastKnownFileType = text; path = schema.graphqls; sourceTree = "<group>"; };
		222133162B9F3CD300A887D7 /* MonstersListView.swift */ = {isa = PBXFileReference; lastKnownFileType = sourcecode.swift; path = MonstersListView.swift; sourceTree = "<group>"; };
		222133182B9F3D6800A887D7 /* MonstersListViewModel.swift */ = {isa = PBXFileReference; lastKnownFileType = sourcecode.swift; path = MonstersListViewModel.swift; sourceTree = "<group>"; };
		2221331F2B9F44C000A887D7 /* ApolloClientProviding.swift */ = {isa = PBXFileReference; lastKnownFileType = sourcecode.swift; path = ApolloClientProviding.swift; sourceTree = "<group>"; };
		222133212B9F45D000A887D7 /* MonstersListViewModelTests.swift */ = {isa = PBXFileReference; lastKnownFileType = sourcecode.swift; path = MonstersListViewModelTests.swift; sourceTree = "<group>"; };
		222133232B9F49E600A887D7 /* ApolloClient+Mock.swift */ = {isa = PBXFileReference; lastKnownFileType = sourcecode.swift; path = "ApolloClient+Mock.swift"; sourceTree = "<group>"; };
		222133252B9F5D1100A887D7 /* MonsterDetailView.swift */ = {isa = PBXFileReference; lastKnownFileType = sourcecode.swift; path = MonsterDetailView.swift; sourceTree = "<group>"; };
		222133272B9F5E8C00A887D7 /* ApolloUtilities.swift */ = {isa = PBXFileReference; lastKnownFileType = sourcecode.swift; path = ApolloUtilities.swift; sourceTree = "<group>"; };
		222133292B9F669300A887D7 /* Monster+Abilities.swift */ = {isa = PBXFileReference; lastKnownFileType = sourcecode.swift; path = "Monster+Abilities.swift"; sourceTree = "<group>"; };
		2221332B2B9F66F000A887D7 /* AbilityScore.swift */ = {isa = PBXFileReference; lastKnownFileType = sourcecode.swift; path = AbilityScore.swift; sourceTree = "<group>"; };
		2221332D2B9F679300A887D7 /* AbilityScoreTests.swift */ = {isa = PBXFileReference; lastKnownFileType = sourcecode.swift; path = AbilityScoreTests.swift; sourceTree = "<group>"; };
		222133332B9F6A9000A887D7 /* AbilityView.swift */ = {isa = PBXFileReference; lastKnownFileType = sourcecode.swift; path = AbilityView.swift; sourceTree = "<group>"; };
		222133352BA0847300A887D7 /* Localizable.xcstrings */ = {isa = PBXFileReference; lastKnownFileType = text.json.xcstrings; path = Localizable.xcstrings; sourceTree = "<group>"; };
/* End PBXFileReference section */

/* Begin PBXFrameworksBuildPhase section */
		222132D32B9E83AA00A887D7 /* Frameworks */ = {
			isa = PBXFrameworksBuildPhase;
			buildActionMask = 2147483647;
			files = (
				2221330C2B9E8E1F00A887D7 /* DnD5eAPI in Frameworks */,
				222133052B9E850100A887D7 /* Apollo in Frameworks */,
			);
			runOnlyForDeploymentPostprocessing = 0;
		};
		222132E32B9E83AB00A887D7 /* Frameworks */ = {
			isa = PBXFrameworksBuildPhase;
			buildActionMask = 2147483647;
			files = (
				2221331C2B9F42DE00A887D7 /* ApolloTestSupport in Frameworks */,
				2221331E2B9F42DE00A887D7 /* DungeonsAndDragonsMonstersTestMocks in Frameworks */,
			);
			runOnlyForDeploymentPostprocessing = 0;
		};
		222132ED2B9E83AB00A887D7 /* Frameworks */ = {
			isa = PBXFrameworksBuildPhase;
			buildActionMask = 2147483647;
			files = (
			);
			runOnlyForDeploymentPostprocessing = 0;
		};
/* End PBXFrameworksBuildPhase section */

/* Begin PBXGroup section */
		222132CD2B9E83AA00A887D7 = {
			isa = PBXGroup;
			children = (
				222132D82B9E83AA00A887D7 /* DungeonsAndDragonsMonsters */,
				2221330D2B9F36A000A887D7 /* GraphQL */,
				222132E92B9E83AB00A887D7 /* DungeonsAndDragonsMonstersTests */,
				222132F32B9E83AB00A887D7 /* DungeonsAndDragonsMonstersUITests */,
				222132D72B9E83AA00A887D7 /* Products */,
				2221331A2B9F42DE00A887D7 /* Frameworks */,
			);
			sourceTree = "<group>";
		};
		222132D72B9E83AA00A887D7 /* Products */ = {
			isa = PBXGroup;
			children = (
				222132D62B9E83AA00A887D7 /* DungeonsAndDragonsMonsters.app */,
				222132E62B9E83AB00A887D7 /* DungeonsAndDragonsMonstersTests.xctest */,
				222132F02B9E83AB00A887D7 /* DungeonsAndDragonsMonstersUITests.xctest */,
			);
			name = Products;
			sourceTree = "<group>";
		};
		222132D82B9E83AA00A887D7 /* DungeonsAndDragonsMonsters */ = {
			isa = PBXGroup;
			children = (
				222132D92B9E83AA00A887D7 /* DungeonsAndDragonsMonstersApp.swift */,
				222133312B9F6A4100A887D7 /* Model */,
				2221332F2B9F6A0C00A887D7 /* View */,
				222133302B9F6A2A00A887D7 /* ViewModel */,
				222133322B9F6A5400A887D7 /* Apollo */,
				222132DD2B9E83AB00A887D7 /* Assets.xcassets */,
				222133352BA0847300A887D7 /* Localizable.xcstrings */,
				222132DF2B9E83AB00A887D7 /* Preview Content */,
			);
			path = DungeonsAndDragonsMonsters;
			sourceTree = "<group>";
		};
		222132DF2B9E83AB00A887D7 /* Preview Content */ = {
			isa = PBXGroup;
			children = (
				222132E02B9E83AB00A887D7 /* Preview Assets.xcassets */,
			);
			path = "Preview Content";
			sourceTree = "<group>";
		};
		222132E92B9E83AB00A887D7 /* DungeonsAndDragonsMonstersTests */ = {
			isa = PBXGroup;
			children = (
				222133212B9F45D000A887D7 /* MonstersListViewModelTests.swift */,
				2221332D2B9F679300A887D7 /* AbilityScoreTests.swift */,
				222133232B9F49E600A887D7 /* ApolloClient+Mock.swift */,
			);
			path = DungeonsAndDragonsMonstersTests;
			sourceTree = "<group>";
		};
		222132F32B9E83AB00A887D7 /* DungeonsAndDragonsMonstersUITests */ = {
			isa = PBXGroup;
			children = (
				222132F42B9E83AB00A887D7 /* DungeonsAndDragonsMonstersUITests.swift */,
				222132F62B9E83AB00A887D7 /* DungeonsAndDragonsMonstersUITestsLaunchTests.swift */,
			);
			path = DungeonsAndDragonsMonstersUITests;
			sourceTree = "<group>";
		};
		2221330D2B9F36A000A887D7 /* GraphQL */ = {
			isa = PBXGroup;
			children = (
				222133122B9F36DB00A887D7 /* Monster.graphql */,
				222133132B9F36DB00A887D7 /* schema.graphqls */,
			);
			path = GraphQL;
			sourceTree = "<group>";
		};
		2221331A2B9F42DE00A887D7 /* Frameworks */ = {
			isa = PBXGroup;
			children = (
			);
			name = Frameworks;
			sourceTree = "<group>";
		};
		2221332F2B9F6A0C00A887D7 /* View */ = {
			isa = PBXGroup;
			children = (
				222133162B9F3CD300A887D7 /* MonstersListView.swift */,
				222133252B9F5D1100A887D7 /* MonsterDetailView.swift */,
				222133332B9F6A9000A887D7 /* AbilityView.swift */,
			);
			path = View;
			sourceTree = "<group>";
		};
		222133302B9F6A2A00A887D7 /* ViewModel */ = {
			isa = PBXGroup;
			children = (
				222133182B9F3D6800A887D7 /* MonstersListViewModel.swift */,
			);
			path = ViewModel;
			sourceTree = "<group>";
		};
		222133312B9F6A4100A887D7 /* Model */ = {
			isa = PBXGroup;
			children = (
				222133292B9F669300A887D7 /* Monster+Abilities.swift */,
				2221332B2B9F66F000A887D7 /* AbilityScore.swift */,
			);
			path = Model;
			sourceTree = "<group>";
		};
		222133322B9F6A5400A887D7 /* Apollo */ = {
			isa = PBXGroup;
			children = (
				2221331F2B9F44C000A887D7 /* ApolloClientProviding.swift */,
				222133272B9F5E8C00A887D7 /* ApolloUtilities.swift */,
			);
			path = Apollo;
			sourceTree = "<group>";
		};
/* End PBXGroup section */

/* Begin PBXNativeTarget section */
		222132D52B9E83AA00A887D7 /* DungeonsAndDragonsMonsters */ = {
			isa = PBXNativeTarget;
			buildConfigurationList = 222132FA2B9E83AB00A887D7 /* Build configuration list for PBXNativeTarget "DungeonsAndDragonsMonsters" */;
			buildPhases = (
				222132D22B9E83AA00A887D7 /* Sources */,
				222132D32B9E83AA00A887D7 /* Frameworks */,
				222132D42B9E83AA00A887D7 /* Resources */,
			);
			buildRules = (
			);
			dependencies = (
			);
			name = DungeonsAndDragonsMonsters;
			packageProductDependencies = (
				222133042B9E850100A887D7 /* Apollo */,
				2221330B2B9E8E1F00A887D7 /* DnD5eAPI */,
			);
			productName = DungeonsAndDragonsMonsters;
			productReference = 222132D62B9E83AA00A887D7 /* DungeonsAndDragonsMonsters.app */;
			productType = "com.apple.product-type.application";
		};
		222132E52B9E83AB00A887D7 /* DungeonsAndDragonsMonstersTests */ = {
			isa = PBXNativeTarget;
			buildConfigurationList = 222132FD2B9E83AB00A887D7 /* Build configuration list for PBXNativeTarget "DungeonsAndDragonsMonstersTests" */;
			buildPhases = (
				222132E22B9E83AB00A887D7 /* Sources */,
				222132E32B9E83AB00A887D7 /* Frameworks */,
				222132E42B9E83AB00A887D7 /* Resources */,
			);
			buildRules = (
			);
			dependencies = (
				222132E82B9E83AB00A887D7 /* PBXTargetDependency */,
			);
			name = DungeonsAndDragonsMonstersTests;
			packageProductDependencies = (
				2221331B2B9F42DE00A887D7 /* ApolloTestSupport */,
				2221331D2B9F42DE00A887D7 /* DungeonsAndDragonsMonstersTestMocks */,
			);
			productName = DungeonsAndDragonsMonstersTests;
			productReference = 222132E62B9E83AB00A887D7 /* DungeonsAndDragonsMonstersTests.xctest */;
			productType = "com.apple.product-type.bundle.unit-test";
		};
		222132EF2B9E83AB00A887D7 /* DungeonsAndDragonsMonstersUITests */ = {
			isa = PBXNativeTarget;
			buildConfigurationList = 222133002B9E83AB00A887D7 /* Build configuration list for PBXNativeTarget "DungeonsAndDragonsMonstersUITests" */;
			buildPhases = (
				222132EC2B9E83AB00A887D7 /* Sources */,
				222132ED2B9E83AB00A887D7 /* Frameworks */,
				222132EE2B9E83AB00A887D7 /* Resources */,
			);
			buildRules = (
			);
			dependencies = (
				222132F22B9E83AB00A887D7 /* PBXTargetDependency */,
			);
			name = DungeonsAndDragonsMonstersUITests;
			productName = DungeonsAndDragonsMonstersUITests;
			productReference = 222132F02B9E83AB00A887D7 /* DungeonsAndDragonsMonstersUITests.xctest */;
			productType = "com.apple.product-type.bundle.ui-testing";
		};
/* End PBXNativeTarget section */

/* Begin PBXProject section */
		222132CE2B9E83AA00A887D7 /* Project object */ = {
			isa = PBXProject;
			attributes = {
				BuildIndependentTargetsInParallel = 1;
				LastSwiftUpdateCheck = 1520;
				LastUpgradeCheck = 1520;
				TargetAttributes = {
					222132D52B9E83AA00A887D7 = {
						CreatedOnToolsVersion = 15.2;
					};
					222132E52B9E83AB00A887D7 = {
						CreatedOnToolsVersion = 15.2;
						TestTargetID = 222132D52B9E83AA00A887D7;
					};
					222132EF2B9E83AB00A887D7 = {
						CreatedOnToolsVersion = 15.2;
						TestTargetID = 222132D52B9E83AA00A887D7;
					};
				};
			};
			buildConfigurationList = 222132D12B9E83AA00A887D7 /* Build configuration list for PBXProject "DungeonsAndDragonsMonsters" */;
			compatibilityVersion = "Xcode 14.0";
			developmentRegion = en;
			hasScannedForEncodings = 0;
			knownRegions = (
				en,
				Base,
			);
			mainGroup = 222132CD2B9E83AA00A887D7;
			packageReferences = (
				222133032B9E850100A887D7 /* XCRemoteSwiftPackageReference "apollo-ios" */,
				2221330A2B9E8E1F00A887D7 /* XCLocalSwiftPackageReference "DnD5eAPI" */,
			);
			productRefGroup = 222132D72B9E83AA00A887D7 /* Products */;
			projectDirPath = "";
			projectRoot = "";
			targets = (
				222132D52B9E83AA00A887D7 /* DungeonsAndDragonsMonsters */,
				222132E52B9E83AB00A887D7 /* DungeonsAndDragonsMonstersTests */,
				222132EF2B9E83AB00A887D7 /* DungeonsAndDragonsMonstersUITests */,
			);
		};
/* End PBXProject section */

/* Begin PBXResourcesBuildPhase section */
		222132D42B9E83AA00A887D7 /* Resources */ = {
			isa = PBXResourcesBuildPhase;
			buildActionMask = 2147483647;
			files = (
				222132E12B9E83AB00A887D7 /* Preview Assets.xcassets in Resources */,
				222133362BA0847300A887D7 /* Localizable.xcstrings in Resources */,
				222133142B9F36DB00A887D7 /* Monster.graphql in Resources */,
				222133152B9F36DB00A887D7 /* schema.graphqls in Resources */,
				222132DE2B9E83AB00A887D7 /* Assets.xcassets in Resources */,
			);
			runOnlyForDeploymentPostprocessing = 0;
		};
		222132E42B9E83AB00A887D7 /* Resources */ = {
			isa = PBXResourcesBuildPhase;
			buildActionMask = 2147483647;
			files = (
			);
			runOnlyForDeploymentPostprocessing = 0;
		};
		222132EE2B9E83AB00A887D7 /* Resources */ = {
			isa = PBXResourcesBuildPhase;
			buildActionMask = 2147483647;
			files = (
			);
			runOnlyForDeploymentPostprocessing = 0;
		};
/* End PBXResourcesBuildPhase section */

/* Begin PBXSourcesBuildPhase section */
		222132D22B9E83AA00A887D7 /* Sources */ = {
			isa = PBXSourcesBuildPhase;
			buildActionMask = 2147483647;
			files = (
				222133172B9F3CD300A887D7 /* MonstersListView.swift in Sources */,
				2221332A2B9F669300A887D7 /* Monster+Abilities.swift in Sources */,
				222132DA2B9E83AA00A887D7 /* DungeonsAndDragonsMonstersApp.swift in Sources */,
				222133202B9F44C000A887D7 /* ApolloClientProviding.swift in Sources */,
				222133192B9F3D6800A887D7 /* MonstersListViewModel.swift in Sources */,
				222133282B9F5E8C00A887D7 /* ApolloUtilities.swift in Sources */,
				2221332C2B9F66F000A887D7 /* AbilityScore.swift in Sources */,
				222133262B9F5D1100A887D7 /* MonsterDetailView.swift in Sources */,
				222133342B9F6A9000A887D7 /* AbilityView.swift in Sources */,
			);
			runOnlyForDeploymentPostprocessing = 0;
		};
		222132E22B9E83AB00A887D7 /* Sources */ = {
			isa = PBXSourcesBuildPhase;
			buildActionMask = 2147483647;
			files = (
				222133242B9F49E600A887D7 /* ApolloClient+Mock.swift in Sources */,
				222133222B9F45D000A887D7 /* MonstersListViewModelTests.swift in Sources */,
				2221332E2B9F679300A887D7 /* AbilityScoreTests.swift in Sources */,
			);
			runOnlyForDeploymentPostprocessing = 0;
		};
		222132EC2B9E83AB00A887D7 /* Sources */ = {
			isa = PBXSourcesBuildPhase;
			buildActionMask = 2147483647;
			files = (
				222132F52B9E83AB00A887D7 /* DungeonsAndDragonsMonstersUITests.swift in Sources */,
				222132F72B9E83AB00A887D7 /* DungeonsAndDragonsMonstersUITestsLaunchTests.swift in Sources */,
			);
			runOnlyForDeploymentPostprocessing = 0;
		};
/* End PBXSourcesBuildPhase section */

/* Begin PBXTargetDependency section */
		222132E82B9E83AB00A887D7 /* PBXTargetDependency */ = {
			isa = PBXTargetDependency;
			target = 222132D52B9E83AA00A887D7 /* DungeonsAndDragonsMonsters */;
			targetProxy = 222132E72B9E83AB00A887D7 /* PBXContainerItemProxy */;
		};
		222132F22B9E83AB00A887D7 /* PBXTargetDependency */ = {
			isa = PBXTargetDependency;
			target = 222132D52B9E83AA00A887D7 /* DungeonsAndDragonsMonsters */;
			targetProxy = 222132F12B9E83AB00A887D7 /* PBXContainerItemProxy */;
		};
/* End PBXTargetDependency section */

/* Begin XCBuildConfiguration section */
		222132F82B9E83AB00A887D7 /* Debug */ = {
			isa = XCBuildConfiguration;
			buildSettings = {
				ALWAYS_SEARCH_USER_PATHS = NO;
				ASSETCATALOG_COMPILER_GENERATE_SWIFT_ASSET_SYMBOL_EXTENSIONS = YES;
				CLANG_ANALYZER_NONNULL = YES;
				CLANG_ANALYZER_NUMBER_OBJECT_CONVERSION = YES_AGGRESSIVE;
				CLANG_CXX_LANGUAGE_STANDARD = "gnu++20";
				CLANG_ENABLE_MODULES = YES;
				CLANG_ENABLE_OBJC_ARC = YES;
				CLANG_ENABLE_OBJC_WEAK = YES;
				CLANG_WARN_BLOCK_CAPTURE_AUTORELEASING = YES;
				CLANG_WARN_BOOL_CONVERSION = YES;
				CLANG_WARN_COMMA = YES;
				CLANG_WARN_CONSTANT_CONVERSION = YES;
				CLANG_WARN_DEPRECATED_OBJC_IMPLEMENTATIONS = YES;
				CLANG_WARN_DIRECT_OBJC_ISA_USAGE = YES_ERROR;
				CLANG_WARN_DOCUMENTATION_COMMENTS = YES;
				CLANG_WARN_EMPTY_BODY = YES;
				CLANG_WARN_ENUM_CONVERSION = YES;
				CLANG_WARN_INFINITE_RECURSION = YES;
				CLANG_WARN_INT_CONVERSION = YES;
				CLANG_WARN_NON_LITERAL_NULL_CONVERSION = YES;
				CLANG_WARN_OBJC_IMPLICIT_RETAIN_SELF = YES;
				CLANG_WARN_OBJC_LITERAL_CONVERSION = YES;
				CLANG_WARN_OBJC_ROOT_CLASS = YES_ERROR;
				CLANG_WARN_QUOTED_INCLUDE_IN_FRAMEWORK_HEADER = YES;
				CLANG_WARN_RANGE_LOOP_ANALYSIS = YES;
				CLANG_WARN_STRICT_PROTOTYPES = YES;
				CLANG_WARN_SUSPICIOUS_MOVE = YES;
				CLANG_WARN_UNGUARDED_AVAILABILITY = YES_AGGRESSIVE;
				CLANG_WARN_UNREACHABLE_CODE = YES;
				CLANG_WARN__DUPLICATE_METHOD_MATCH = YES;
				COPY_PHASE_STRIP = NO;
				DEBUG_INFORMATION_FORMAT = dwarf;
				ENABLE_STRICT_OBJC_MSGSEND = YES;
				ENABLE_TESTABILITY = YES;
				ENABLE_USER_SCRIPT_SANDBOXING = YES;
				GCC_C_LANGUAGE_STANDARD = gnu17;
				GCC_DYNAMIC_NO_PIC = NO;
				GCC_NO_COMMON_BLOCKS = YES;
				GCC_OPTIMIZATION_LEVEL = 0;
				GCC_PREPROCESSOR_DEFINITIONS = (
					"DEBUG=1",
					"$(inherited)",
				);
				GCC_WARN_64_TO_32_BIT_CONVERSION = YES;
				GCC_WARN_ABOUT_RETURN_TYPE = YES_ERROR;
				GCC_WARN_UNDECLARED_SELECTOR = YES;
				GCC_WARN_UNINITIALIZED_AUTOS = YES_AGGRESSIVE;
				GCC_WARN_UNUSED_FUNCTION = YES;
				GCC_WARN_UNUSED_VARIABLE = YES;
				IPHONEOS_DEPLOYMENT_TARGET = 17.2;
				LOCALIZATION_PREFERS_STRING_CATALOGS = YES;
				MTL_ENABLE_DEBUG_INFO = INCLUDE_SOURCE;
				MTL_FAST_MATH = YES;
				ONLY_ACTIVE_ARCH = YES;
				SDKROOT = iphoneos;
				SWIFT_ACTIVE_COMPILATION_CONDITIONS = "DEBUG $(inherited)";
				SWIFT_OPTIMIZATION_LEVEL = "-Onone";
			};
			name = Debug;
		};
		222132F92B9E83AB00A887D7 /* Release */ = {
			isa = XCBuildConfiguration;
			buildSettings = {
				ALWAYS_SEARCH_USER_PATHS = NO;
				ASSETCATALOG_COMPILER_GENERATE_SWIFT_ASSET_SYMBOL_EXTENSIONS = YES;
				CLANG_ANALYZER_NONNULL = YES;
				CLANG_ANALYZER_NUMBER_OBJECT_CONVERSION = YES_AGGRESSIVE;
				CLANG_CXX_LANGUAGE_STANDARD = "gnu++20";
				CLANG_ENABLE_MODULES = YES;
				CLANG_ENABLE_OBJC_ARC = YES;
				CLANG_ENABLE_OBJC_WEAK = YES;
				CLANG_WARN_BLOCK_CAPTURE_AUTORELEASING = YES;
				CLANG_WARN_BOOL_CONVERSION = YES;
				CLANG_WARN_COMMA = YES;
				CLANG_WARN_CONSTANT_CONVERSION = YES;
				CLANG_WARN_DEPRECATED_OBJC_IMPLEMENTATIONS = YES;
				CLANG_WARN_DIRECT_OBJC_ISA_USAGE = YES_ERROR;
				CLANG_WARN_DOCUMENTATION_COMMENTS = YES;
				CLANG_WARN_EMPTY_BODY = YES;
				CLANG_WARN_ENUM_CONVERSION = YES;
				CLANG_WARN_INFINITE_RECURSION = YES;
				CLANG_WARN_INT_CONVERSION = YES;
				CLANG_WARN_NON_LITERAL_NULL_CONVERSION = YES;
				CLANG_WARN_OBJC_IMPLICIT_RETAIN_SELF = YES;
				CLANG_WARN_OBJC_LITERAL_CONVERSION = YES;
				CLANG_WARN_OBJC_ROOT_CLASS = YES_ERROR;
				CLANG_WARN_QUOTED_INCLUDE_IN_FRAMEWORK_HEADER = YES;
				CLANG_WARN_RANGE_LOOP_ANALYSIS = YES;
				CLANG_WARN_STRICT_PROTOTYPES = YES;
				CLANG_WARN_SUSPICIOUS_MOVE = YES;
				CLANG_WARN_UNGUARDED_AVAILABILITY = YES_AGGRESSIVE;
				CLANG_WARN_UNREACHABLE_CODE = YES;
				CLANG_WARN__DUPLICATE_METHOD_MATCH = YES;
				COPY_PHASE_STRIP = NO;
				DEBUG_INFORMATION_FORMAT = "dwarf-with-dsym";
				ENABLE_NS_ASSERTIONS = NO;
				ENABLE_STRICT_OBJC_MSGSEND = YES;
				ENABLE_USER_SCRIPT_SANDBOXING = YES;
				GCC_C_LANGUAGE_STANDARD = gnu17;
				GCC_NO_COMMON_BLOCKS = YES;
				GCC_WARN_64_TO_32_BIT_CONVERSION = YES;
				GCC_WARN_ABOUT_RETURN_TYPE = YES_ERROR;
				GCC_WARN_UNDECLARED_SELECTOR = YES;
				GCC_WARN_UNINITIALIZED_AUTOS = YES_AGGRESSIVE;
				GCC_WARN_UNUSED_FUNCTION = YES;
				GCC_WARN_UNUSED_VARIABLE = YES;
				IPHONEOS_DEPLOYMENT_TARGET = 17.2;
				LOCALIZATION_PREFERS_STRING_CATALOGS = YES;
				MTL_ENABLE_DEBUG_INFO = NO;
				MTL_FAST_MATH = YES;
				SDKROOT = iphoneos;
				SWIFT_COMPILATION_MODE = wholemodule;
				VALIDATE_PRODUCT = YES;
			};
			name = Release;
		};
		222132FB2B9E83AB00A887D7 /* Debug */ = {
			isa = XCBuildConfiguration;
			buildSettings = {
				ASSETCATALOG_COMPILER_APPICON_NAME = AppIcon;
				ASSETCATALOG_COMPILER_GLOBAL_ACCENT_COLOR_NAME = AccentColor;
				CODE_SIGN_STYLE = Automatic;
				CURRENT_PROJECT_VERSION = 1;
				DEVELOPMENT_ASSET_PATHS = "\"DungeonsAndDragonsMonsters/Preview Content\"";
				DEVELOPMENT_TEAM = UX2UVV76P4;
				ENABLE_PREVIEWS = YES;
				GENERATE_INFOPLIST_FILE = YES;
				INFOPLIST_KEY_UIApplicationSceneManifest_Generation = YES;
				INFOPLIST_KEY_UIApplicationSupportsIndirectInputEvents = YES;
				INFOPLIST_KEY_UILaunchScreen_Generation = YES;
				INFOPLIST_KEY_UISupportedInterfaceOrientations_iPad = "UIInterfaceOrientationPortrait UIInterfaceOrientationPortraitUpsideDown UIInterfaceOrientationLandscapeLeft UIInterfaceOrientationLandscapeRight";
				INFOPLIST_KEY_UISupportedInterfaceOrientations_iPhone = "UIInterfaceOrientationPortrait UIInterfaceOrientationLandscapeLeft UIInterfaceOrientationLandscapeRight";
				LD_RUNPATH_SEARCH_PATHS = (
					"$(inherited)",
					"@executable_path/Frameworks",
				);
				MARKETING_VERSION = 1.0;
				PRODUCT_BUNDLE_IDENTIFIER = com.timfether.DungeonsAndDragonsMonsters;
				PRODUCT_NAME = "$(TARGET_NAME)";
				SWIFT_EMIT_LOC_STRINGS = YES;
				SWIFT_VERSION = 5.0;
				TARGETED_DEVICE_FAMILY = "1,2";
			};
			name = Debug;
		};
		222132FC2B9E83AB00A887D7 /* Release */ = {
			isa = XCBuildConfiguration;
			buildSettings = {
				ASSETCATALOG_COMPILER_APPICON_NAME = AppIcon;
				ASSETCATALOG_COMPILER_GLOBAL_ACCENT_COLOR_NAME = AccentColor;
				CODE_SIGN_STYLE = Automatic;
				CURRENT_PROJECT_VERSION = 1;
				DEVELOPMENT_ASSET_PATHS = "\"DungeonsAndDragonsMonsters/Preview Content\"";
				DEVELOPMENT_TEAM = UX2UVV76P4;
				ENABLE_PREVIEWS = YES;
				GENERATE_INFOPLIST_FILE = YES;
				INFOPLIST_KEY_UIApplicationSceneManifest_Generation = YES;
				INFOPLIST_KEY_UIApplicationSupportsIndirectInputEvents = YES;
				INFOPLIST_KEY_UILaunchScreen_Generation = YES;
				INFOPLIST_KEY_UISupportedInterfaceOrientations_iPad = "UIInterfaceOrientationPortrait UIInterfaceOrientationPortraitUpsideDown UIInterfaceOrientationLandscapeLeft UIInterfaceOrientationLandscapeRight";
				INFOPLIST_KEY_UISupportedInterfaceOrientations_iPhone = "UIInterfaceOrientationPortrait UIInterfaceOrientationLandscapeLeft UIInterfaceOrientationLandscapeRight";
				LD_RUNPATH_SEARCH_PATHS = (
					"$(inherited)",
					"@executable_path/Frameworks",
				);
				MARKETING_VERSION = 1.0;
				PRODUCT_BUNDLE_IDENTIFIER = com.timfether.DungeonsAndDragonsMonsters;
				PRODUCT_NAME = "$(TARGET_NAME)";
				SWIFT_EMIT_LOC_STRINGS = YES;
				SWIFT_VERSION = 5.0;
				TARGETED_DEVICE_FAMILY = "1,2";
			};
			name = Release;
		};
		222132FE2B9E83AB00A887D7 /* Debug */ = {
			isa = XCBuildConfiguration;
			buildSettings = {
				ALWAYS_EMBED_SWIFT_STANDARD_LIBRARIES = YES;
				BUNDLE_LOADER = "$(TEST_HOST)";
				CODE_SIGN_STYLE = Automatic;
				CURRENT_PROJECT_VERSION = 1;
				DEVELOPMENT_TEAM = UX2UVV76P4;
				GENERATE_INFOPLIST_FILE = YES;
				IPHONEOS_DEPLOYMENT_TARGET = 17.2;
				MARKETING_VERSION = 1.0;
				PRODUCT_BUNDLE_IDENTIFIER = com.timfether.DungeonsAndDragonsMonstersTests;
				PRODUCT_NAME = "$(TARGET_NAME)";
				SWIFT_EMIT_LOC_STRINGS = NO;
				SWIFT_VERSION = 5.0;
				TARGETED_DEVICE_FAMILY = "1,2";
				TEST_HOST = "$(BUILT_PRODUCTS_DIR)/DungeonsAndDragonsMonsters.app/$(BUNDLE_EXECUTABLE_FOLDER_PATH)/DungeonsAndDragonsMonsters";
			};
			name = Debug;
		};
		222132FF2B9E83AB00A887D7 /* Release */ = {
			isa = XCBuildConfiguration;
			buildSettings = {
				ALWAYS_EMBED_SWIFT_STANDARD_LIBRARIES = YES;
				BUNDLE_LOADER = "$(TEST_HOST)";
				CODE_SIGN_STYLE = Automatic;
				CURRENT_PROJECT_VERSION = 1;
				DEVELOPMENT_TEAM = UX2UVV76P4;
				GENERATE_INFOPLIST_FILE = YES;
				IPHONEOS_DEPLOYMENT_TARGET = 17.2;
				MARKETING_VERSION = 1.0;
				PRODUCT_BUNDLE_IDENTIFIER = com.timfether.DungeonsAndDragonsMonstersTests;
				PRODUCT_NAME = "$(TARGET_NAME)";
				SWIFT_EMIT_LOC_STRINGS = NO;
				SWIFT_VERSION = 5.0;
				TARGETED_DEVICE_FAMILY = "1,2";
				TEST_HOST = "$(BUILT_PRODUCTS_DIR)/DungeonsAndDragonsMonsters.app/$(BUNDLE_EXECUTABLE_FOLDER_PATH)/DungeonsAndDragonsMonsters";
			};
			name = Release;
		};
		222133012B9E83AB00A887D7 /* Debug */ = {
			isa = XCBuildConfiguration;
			buildSettings = {
				ALWAYS_EMBED_SWIFT_STANDARD_LIBRARIES = YES;
				CODE_SIGN_STYLE = Automatic;
				CURRENT_PROJECT_VERSION = 1;
				DEVELOPMENT_TEAM = UX2UVV76P4;
				GENERATE_INFOPLIST_FILE = YES;
				MARKETING_VERSION = 1.0;
				PRODUCT_BUNDLE_IDENTIFIER = com.timfether.DungeonsAndDragonsMonstersUITests;
				PRODUCT_NAME = "$(TARGET_NAME)";
				SWIFT_EMIT_LOC_STRINGS = NO;
				SWIFT_VERSION = 5.0;
				TARGETED_DEVICE_FAMILY = "1,2";
				TEST_TARGET_NAME = DungeonsAndDragonsMonsters;
			};
			name = Debug;
		};
		222133022B9E83AB00A887D7 /* Release */ = {
			isa = XCBuildConfiguration;
			buildSettings = {
				ALWAYS_EMBED_SWIFT_STANDARD_LIBRARIES = YES;
				CODE_SIGN_STYLE = Automatic;
				CURRENT_PROJECT_VERSION = 1;
				DEVELOPMENT_TEAM = UX2UVV76P4;
				GENERATE_INFOPLIST_FILE = YES;
				MARKETING_VERSION = 1.0;
				PRODUCT_BUNDLE_IDENTIFIER = com.timfether.DungeonsAndDragonsMonstersUITests;
				PRODUCT_NAME = "$(TARGET_NAME)";
				SWIFT_EMIT_LOC_STRINGS = NO;
				SWIFT_VERSION = 5.0;
				TARGETED_DEVICE_FAMILY = "1,2";
				TEST_TARGET_NAME = DungeonsAndDragonsMonsters;
			};
			name = Release;
		};
/* End XCBuildConfiguration section */

/* Begin XCConfigurationList section */
		222132D12B9E83AA00A887D7 /* Build configuration list for PBXProject "DungeonsAndDragonsMonsters" */ = {
			isa = XCConfigurationList;
			buildConfigurations = (
				222132F82B9E83AB00A887D7 /* Debug */,
				222132F92B9E83AB00A887D7 /* Release */,
			);
			defaultConfigurationIsVisible = 0;
			defaultConfigurationName = Release;
		};
		222132FA2B9E83AB00A887D7 /* Build configuration list for PBXNativeTarget "DungeonsAndDragonsMonsters" */ = {
			isa = XCConfigurationList;
			buildConfigurations = (
				222132FB2B9E83AB00A887D7 /* Debug */,
				222132FC2B9E83AB00A887D7 /* Release */,
			);
			defaultConfigurationIsVisible = 0;
			defaultConfigurationName = Release;
		};
		222132FD2B9E83AB00A887D7 /* Build configuration list for PBXNativeTarget "DungeonsAndDragonsMonstersTests" */ = {
			isa = XCConfigurationList;
			buildConfigurations = (
				222132FE2B9E83AB00A887D7 /* Debug */,
				222132FF2B9E83AB00A887D7 /* Release */,
			);
			defaultConfigurationIsVisible = 0;
			defaultConfigurationName = Release;
		};
		222133002B9E83AB00A887D7 /* Build configuration list for PBXNativeTarget "DungeonsAndDragonsMonstersUITests" */ = {
			isa = XCConfigurationList;
			buildConfigurations = (
				222133012B9E83AB00A887D7 /* Debug */,
				222133022B9E83AB00A887D7 /* Release */,
			);
			defaultConfigurationIsVisible = 0;
			defaultConfigurationName = Release;
		};
/* End XCConfigurationList section */

/* Begin XCLocalSwiftPackageReference section */
		2221330A2B9E8E1F00A887D7 /* XCLocalSwiftPackageReference "DnD5eAPI" */ = {
			isa = XCLocalSwiftPackageReference;
			relativePath = DnD5eAPI;
		};
/* End XCLocalSwiftPackageReference section */

/* Begin XCRemoteSwiftPackageReference section */
		222133032B9E850100A887D7 /* XCRemoteSwiftPackageReference "apollo-ios" */ = {
			isa = XCRemoteSwiftPackageReference;
			repositoryURL = "https://github.com/apollographql/apollo-ios.git";
			requirement = {
				kind = upToNextMajorVersion;
				minimumVersion = 1.9.2;
			};
		};
/* End XCRemoteSwiftPackageReference section */

/* Begin XCSwiftPackageProductDependency section */
		222133042B9E850100A887D7 /* Apollo */ = {
			isa = XCSwiftPackageProductDependency;
			package = 222133032B9E850100A887D7 /* XCRemoteSwiftPackageReference "apollo-ios" */;
			productName = Apollo;
		};
		2221330B2B9E8E1F00A887D7 /* DnD5eAPI */ = {
			isa = XCSwiftPackageProductDependency;
			productName = DnD5eAPI;
		};
		2221331B2B9F42DE00A887D7 /* ApolloTestSupport */ = {
			isa = XCSwiftPackageProductDependency;
			package = 222133032B9E850100A887D7 /* XCRemoteSwiftPackageReference "apollo-ios" */;
			productName = ApolloTestSupport;
		};
		2221331D2B9F42DE00A887D7 /* DungeonsAndDragonsMonstersTestMocks */ = {
			isa = XCSwiftPackageProductDependency;
			package = 2221330A2B9E8E1F00A887D7 /* XCLocalSwiftPackageReference "DnD5eAPI" */;
			productName = DungeonsAndDragonsMonstersTestMocks;
		};
/* End XCSwiftPackageProductDependency section */
	};
	rootObject = 222132CE2B9E83AA00A887D7 /* Project object */;
}
